// !$*UTF8*$!
{
	archiveVersion = 1;
	classes = {
	};
	objectVersion = 46;
	objects = {

/* Begin PBXBuildFile section */
		0B960C7243D6AFBC48A32B83 /* Pods_Devslopes_Social.framework in Frameworks */ = {isa = PBXBuildFile; fileRef = 349A998DFDD2D03FD40227AF /* Pods_Devslopes_Social.framework */; };
		35AA0A001E3838D600E17113 /* AlertExtension.swift in Sources */ = {isa = PBXBuildFile; fileRef = 35AA09FF1E3838D600E17113 /* AlertExtension.swift */; };
		35AA0A041E3944A600E17113 /* FeedVC.swift in Sources */ = {isa = PBXBuildFile; fileRef = 35AA0A031E3944A600E17113 /* FeedVC.swift */; };
		35AA0A061E3968A200E17113 /* RoundButton.swift in Sources */ = {isa = PBXBuildFile; fileRef = 35AA0A051E3968A200E17113 /* RoundButton.swift */; };
		35AA0A081E39704100E17113 /* CircleImgView.swift in Sources */ = {isa = PBXBuildFile; fileRef = 35AA0A071E39704100E17113 /* CircleImgView.swift */; };
		35AA0A0A1E39986800E17113 /* PostCell.swift in Sources */ = {isa = PBXBuildFile; fileRef = 35AA0A091E39986800E17113 /* PostCell.swift */; };
		35D68C511E318A5500BF3221 /* AppDelegate.swift in Sources */ = {isa = PBXBuildFile; fileRef = 35D68C501E318A5500BF3221 /* AppDelegate.swift */; };
		35D68C531E318A5500BF3221 /* SignInVC.swift in Sources */ = {isa = PBXBuildFile; fileRef = 35D68C521E318A5500BF3221 /* SignInVC.swift */; };
		35D68C561E318A5500BF3221 /* Main.storyboard in Resources */ = {isa = PBXBuildFile; fileRef = 35D68C541E318A5500BF3221 /* Main.storyboard */; };
		35D68C581E318A5500BF3221 /* Assets.xcassets in Resources */ = {isa = PBXBuildFile; fileRef = 35D68C571E318A5500BF3221 /* Assets.xcassets */; };
		35D68C5B1E318A5500BF3221 /* LaunchScreen.storyboard in Resources */ = {isa = PBXBuildFile; fileRef = 35D68C591E318A5500BF3221 /* LaunchScreen.storyboard */; };
		35DEF8A91E3A740B00120BBD /* DataService.swift in Sources */ = {isa = PBXBuildFile; fileRef = 35DEF8A81E3A740B00120BBD /* DataService.swift */; };
		35F3218C1E364BA900982EEA /* CustomView.swift in Sources */ = {isa = PBXBuildFile; fileRef = 35F3218B1E364BA900982EEA /* CustomView.swift */; };
		35F321911E3650F000982EEA /* CustomTextField.swift in Sources */ = {isa = PBXBuildFile; fileRef = 35F321901E3650F000982EEA /* CustomTextField.swift */; };
		35F321931E36522C00982EEA /* CustomButton.swift in Sources */ = {isa = PBXBuildFile; fileRef = 35F321921E36522C00982EEA /* CustomButton.swift */; };
		35F321951E36533400982EEA /* Constants.swift in Sources */ = {isa = PBXBuildFile; fileRef = 35F321941E36533400982EEA /* Constants.swift */; };
		35F321A01E371CC200982EEA /* GoogleService-Info.plist in Resources */ = {isa = PBXBuildFile; fileRef = 35F3219F1E371CC200982EEA /* GoogleService-Info.plist */; };
/* End PBXBuildFile section */

/* Begin PBXFileReference section */
		349A998DFDD2D03FD40227AF /* Pods_Devslopes_Social.framework */ = {isa = PBXFileReference; explicitFileType = wrapper.framework; includeInIndex = 0; path = Pods_Devslopes_Social.framework; sourceTree = BUILT_PRODUCTS_DIR; };
		35AA09FF1E3838D600E17113 /* AlertExtension.swift */ = {isa = PBXFileReference; fileEncoding = 4; lastKnownFileType = sourcecode.swift; path = AlertExtension.swift; sourceTree = "<group>"; };
		35AA0A031E3944A600E17113 /* FeedVC.swift */ = {isa = PBXFileReference; fileEncoding = 4; lastKnownFileType = sourcecode.swift; path = FeedVC.swift; sourceTree = "<group>"; };
		35AA0A051E3968A200E17113 /* RoundButton.swift */ = {isa = PBXFileReference; fileEncoding = 4; lastKnownFileType = sourcecode.swift; path = RoundButton.swift; sourceTree = "<group>"; };
		35AA0A071E39704100E17113 /* CircleImgView.swift */ = {isa = PBXFileReference; fileEncoding = 4; lastKnownFileType = sourcecode.swift; path = CircleImgView.swift; sourceTree = "<group>"; };
		35AA0A091E39986800E17113 /* PostCell.swift */ = {isa = PBXFileReference; fileEncoding = 4; lastKnownFileType = sourcecode.swift; path = PostCell.swift; sourceTree = "<group>"; };
		35D68C4D1E318A5500BF3221 /* Devslopes-Social.app */ = {isa = PBXFileReference; explicitFileType = wrapper.application; includeInIndex = 0; path = "Devslopes-Social.app"; sourceTree = BUILT_PRODUCTS_DIR; };
		35D68C501E318A5500BF3221 /* AppDelegate.swift */ = {isa = PBXFileReference; lastKnownFileType = sourcecode.swift; path = AppDelegate.swift; sourceTree = "<group>"; };
		35D68C521E318A5500BF3221 /* SignInVC.swift */ = {isa = PBXFileReference; lastKnownFileType = sourcecode.swift; path = SignInVC.swift; sourceTree = "<group>"; };
		35D68C551E318A5500BF3221 /* Base */ = {isa = PBXFileReference; lastKnownFileType = file.storyboard; name = Base; path = Base.lproj/Main.storyboard; sourceTree = "<group>"; };
		35D68C571E318A5500BF3221 /* Assets.xcassets */ = {isa = PBXFileReference; lastKnownFileType = folder.assetcatalog; path = Assets.xcassets; sourceTree = "<group>"; };
		35D68C5A1E318A5500BF3221 /* Base */ = {isa = PBXFileReference; lastKnownFileType = file.storyboard; name = Base; path = Base.lproj/LaunchScreen.storyboard; sourceTree = "<group>"; };
		35D68C5C1E318A5500BF3221 /* Info.plist */ = {isa = PBXFileReference; lastKnownFileType = text.plist.xml; path = Info.plist; sourceTree = "<group>"; };
		35DEF8A81E3A740B00120BBD /* DataService.swift */ = {isa = PBXFileReference; fileEncoding = 4; lastKnownFileType = sourcecode.swift; path = DataService.swift; sourceTree = "<group>"; };
		35F3218B1E364BA900982EEA /* CustomView.swift */ = {isa = PBXFileReference; fileEncoding = 4; lastKnownFileType = sourcecode.swift; path = CustomView.swift; sourceTree = "<group>"; };
		35F321901E3650F000982EEA /* CustomTextField.swift */ = {isa = PBXFileReference; fileEncoding = 4; lastKnownFileType = sourcecode.swift; path = CustomTextField.swift; sourceTree = "<group>"; };
		35F321921E36522C00982EEA /* CustomButton.swift */ = {isa = PBXFileReference; fileEncoding = 4; lastKnownFileType = sourcecode.swift; path = CustomButton.swift; sourceTree = "<group>"; };
		35F321941E36533400982EEA /* Constants.swift */ = {isa = PBXFileReference; fileEncoding = 4; lastKnownFileType = sourcecode.swift; path = Constants.swift; sourceTree = "<group>"; };
		35F3219E1E36EC9500982EEA /* Devslopes-Social.entitlements */ = {isa = PBXFileReference; lastKnownFileType = text.plist.entitlements; path = "Devslopes-Social.entitlements"; sourceTree = "<group>"; };
		35F3219F1E371CC200982EEA /* GoogleService-Info.plist */ = {isa = PBXFileReference; fileEncoding = 4; lastKnownFileType = text.plist.xml; path = "GoogleService-Info.plist"; sourceTree = "<group>"; };
		559E7CCA2B69BBAF9CD0303E /* Pods-Devslopes-Social.release.xcconfig */ = {isa = PBXFileReference; includeInIndex = 1; lastKnownFileType = text.xcconfig; name = "Pods-Devslopes-Social.release.xcconfig"; path = "Pods/Target Support Files/Pods-Devslopes-Social/Pods-Devslopes-Social.release.xcconfig"; sourceTree = "<group>"; };
		B52F56FFE37035130F75C8C5 /* Pods-Devslopes-Social.debug.xcconfig */ = {isa = PBXFileReference; includeInIndex = 1; lastKnownFileType = text.xcconfig; name = "Pods-Devslopes-Social.debug.xcconfig"; path = "Pods/Target Support Files/Pods-Devslopes-Social/Pods-Devslopes-Social.debug.xcconfig"; sourceTree = "<group>"; };
/* End PBXFileReference section */

/* Begin PBXFrameworksBuildPhase section */
		35D68C4A1E318A5500BF3221 /* Frameworks */ = {
			isa = PBXFrameworksBuildPhase;
			buildActionMask = 2147483647;
			files = (
				0B960C7243D6AFBC48A32B83 /* Pods_Devslopes_Social.framework in Frameworks */,
			);
			runOnlyForDeploymentPostprocessing = 0;
		};
/* End PBXFrameworksBuildPhase section */

/* Begin PBXGroup section */
		35AA0A011E383A0600E17113 /* Extensions */ = {
			isa = PBXGroup;
			children = (
				35AA09FF1E3838D600E17113 /* AlertExtension.swift */,
			);
			name = Extensions;
			sourceTree = "<group>";
		};
		35AA0A021E38435C00E17113 /* Resources */ = {
			isa = PBXGroup;
			children = (
				35D68C571E318A5500BF3221 /* Assets.xcassets */,
				35F3219F1E371CC200982EEA /* GoogleService-Info.plist */,
				35D68C5C1E318A5500BF3221 /* Info.plist */,
			);
			name = Resources;
			sourceTree = "<group>";
		};
		35D68C441E318A5500BF3221 = {
			isa = PBXGroup;
			children = (
				35D68C4F1E318A5500BF3221 /* Devslopes-Social */,
				35D68C4E1E318A5500BF3221 /* Products */,
				87BB26C96240265E56CE9ED2 /* Pods */,
				528FDAC34938473DD4FF1391 /* Frameworks */,
			);
			sourceTree = "<group>";
		};
		35D68C4E1E318A5500BF3221 /* Products */ = {
			isa = PBXGroup;
			children = (
				35D68C4D1E318A5500BF3221 /* Devslopes-Social.app */,
			);
			name = Products;
			sourceTree = "<group>";
		};
		35D68C4F1E318A5500BF3221 /* Devslopes-Social */ = {
			isa = PBXGroup;
			children = (
				35F3219E1E36EC9500982EEA /* Devslopes-Social.entitlements */,
				35AA0A021E38435C00E17113 /* Resources */,
				35F3218D1E364BFD00982EEA /* Util */,
				35DEF8A71E3A73F200120BBD /* Services */,
				35AA0A011E383A0600E17113 /* Extensions */,
				35D68C651E31913100BF3221 /* View */,
				35D68C661E31913700BF3221 /* Controller */,
				35D68C641E31912C00BF3221 /* Model */,
			);
			path = "Devslopes-Social";
			sourceTree = "<group>";
		};
		35D68C641E31912C00BF3221 /* Model */ = {
			isa = PBXGroup;
			children = (
				35D68C541E318A5500BF3221 /* Main.storyboard */,
				35D68C591E318A5500BF3221 /* LaunchScreen.storyboard */,
			);
			name = Model;
			sourceTree = "<group>";
		};
		35D68C651E31913100BF3221 /* View */ = {
			isa = PBXGroup;
			children = (
				35F3218B1E364BA900982EEA /* CustomView.swift */,
				35F321901E3650F000982EEA /* CustomTextField.swift */,
				35F321921E36522C00982EEA /* CustomButton.swift */,
				35AA0A051E3968A200E17113 /* RoundButton.swift */,
				35AA0A071E39704100E17113 /* CircleImgView.swift */,
				35AA0A091E39986800E17113 /* PostCell.swift */,
			);
			name = View;
			sourceTree = "<group>";
		};
		35D68C661E31913700BF3221 /* Controller */ = {
			isa = PBXGroup;
			children = (
				35D68C501E318A5500BF3221 /* AppDelegate.swift */,
				35D68C521E318A5500BF3221 /* SignInVC.swift */,
				35AA0A031E3944A600E17113 /* FeedVC.swift */,
			);
			name = Controller;
			sourceTree = "<group>";
		};
		35DEF8A71E3A73F200120BBD /* Services */ = {
			isa = PBXGroup;
			children = (
				35DEF8A81E3A740B00120BBD /* DataService.swift */,
			);
			name = Services;
			sourceTree = "<group>";
		};
		35F3218D1E364BFD00982EEA /* Util */ = {
			isa = PBXGroup;
			children = (
				35F321941E36533400982EEA /* Constants.swift */,
			);
			name = Util;
			sourceTree = "<group>";
		};
		528FDAC34938473DD4FF1391 /* Frameworks */ = {
			isa = PBXGroup;
			children = (
				349A998DFDD2D03FD40227AF /* Pods_Devslopes_Social.framework */,
			);
			name = Frameworks;
			sourceTree = "<group>";
		};
		87BB26C96240265E56CE9ED2 /* Pods */ = {
			isa = PBXGroup;
			children = (
				B52F56FFE37035130F75C8C5 /* Pods-Devslopes-Social.debug.xcconfig */,
				559E7CCA2B69BBAF9CD0303E /* Pods-Devslopes-Social.release.xcconfig */,
			);
			name = Pods;
			sourceTree = "<group>";
		};
/* End PBXGroup section */

/* Begin PBXNativeTarget section */
		35D68C4C1E318A5500BF3221 /* Devslopes-Social */ = {
			isa = PBXNativeTarget;
			buildConfigurationList = 35D68C5F1E318A5500BF3221 /* Build configuration list for PBXNativeTarget "Devslopes-Social" */;
			buildPhases = (
				D65C3A48A1002AC8ADAF867E /* [CP] Check Pods Manifest.lock */,
				35D68C491E318A5500BF3221 /* Sources */,
				35D68C4A1E318A5500BF3221 /* Frameworks */,
				35D68C4B1E318A5500BF3221 /* Resources */,
				4AE61A145589064327893AAC /* [CP] Embed Pods Frameworks */,
				8AAA95A9D5079B9B48F6158B /* [CP] Copy Pods Resources */,
			);
			buildRules = (
			);
			dependencies = (
			);
			name = "Devslopes-Social";
			productName = "Devslopes-Social";
			productReference = 35D68C4D1E318A5500BF3221 /* Devslopes-Social.app */;
			productType = "com.apple.product-type.application";
		};
/* End PBXNativeTarget section */

/* Begin PBXProject section */
		35D68C451E318A5500BF3221 /* Project object */ = {
			isa = PBXProject;
			attributes = {
				LastSwiftUpdateCheck = 0800;
				LastUpgradeCheck = 0800;
				ORGANIZATIONNAME = "Jonathan Shitrit";
				TargetAttributes = {
					35D68C4C1E318A5500BF3221 = {
						CreatedOnToolsVersion = 8.0;
						DevelopmentTeam = QKASN59BPK;
						LastSwiftMigration = 0800;
						ProvisioningStyle = Automatic;
						SystemCapabilities = {
							com.apple.Keychain = {
								enabled = 1;
							};
						};
					};
				};
			};
			buildConfigurationList = 35D68C481E318A5500BF3221 /* Build configuration list for PBXProject "Devslopes-Social" */;
			compatibilityVersion = "Xcode 3.2";
			developmentRegion = English;
			hasScannedForEncodings = 0;
			knownRegions = (
				en,
				Base,
			);
			mainGroup = 35D68C441E318A5500BF3221;
			productRefGroup = 35D68C4E1E318A5500BF3221 /* Products */;
			projectDirPath = "";
			projectRoot = "";
			targets = (
				35D68C4C1E318A5500BF3221 /* Devslopes-Social */,
			);
		};
/* End PBXProject section */

/* Begin PBXResourcesBuildPhase section */
		35D68C4B1E318A5500BF3221 /* Resources */ = {
			isa = PBXResourcesBuildPhase;
			buildActionMask = 2147483647;
			files = (
				35D68C5B1E318A5500BF3221 /* LaunchScreen.storyboard in Resources */,
				35F321A01E371CC200982EEA /* GoogleService-Info.plist in Resources */,
				35D68C581E318A5500BF3221 /* Assets.xcassets in Resources */,
				35D68C561E318A5500BF3221 /* Main.storyboard in Resources */,
			);
			runOnlyForDeploymentPostprocessing = 0;
		};
/* End PBXResourcesBuildPhase section */

/* Begin PBXShellScriptBuildPhase section */
		4AE61A145589064327893AAC /* [CP] Embed Pods Frameworks */ = {
			isa = PBXShellScriptBuildPhase;
			buildActionMask = 2147483647;
			files = (
			);
			inputPaths = (
			);
			name = "[CP] Embed Pods Frameworks";
			outputPaths = (
			);
			runOnlyForDeploymentPostprocessing = 0;
			shellPath = /bin/sh;
			shellScript = "\"${SRCROOT}/Pods/Target Support Files/Pods-Devslopes-Social/Pods-Devslopes-Social-frameworks.sh\"\n";
			showEnvVarsInLog = 0;
		};
		8AAA95A9D5079B9B48F6158B /* [CP] Copy Pods Resources */ = {
			isa = PBXShellScriptBuildPhase;
			buildActionMask = 2147483647;
			files = (
			);
			inputPaths = (
			);
			name = "[CP] Copy Pods Resources";
			outputPaths = (
			);
			runOnlyForDeploymentPostprocessing = 0;
			shellPath = /bin/sh;
			shellScript = "\"${SRCROOT}/Pods/Target Support Files/Pods-Devslopes-Social/Pods-Devslopes-Social-resources.sh\"\n";
			showEnvVarsInLog = 0;
		};
		D65C3A48A1002AC8ADAF867E /* [CP] Check Pods Manifest.lock */ = {
			isa = PBXShellScriptBuildPhase;
			buildActionMask = 2147483647;
			files = (
			);
			inputPaths = (
			);
			name = "[CP] Check Pods Manifest.lock";
			outputPaths = (
			);
			runOnlyForDeploymentPostprocessing = 0;
			shellPath = /bin/sh;
			shellScript = "diff \"${PODS_ROOT}/../Podfile.lock\" \"${PODS_ROOT}/Manifest.lock\" > /dev/null\nif [[ $? != 0 ]] ; then\n    cat << EOM\nerror: The sandbox is not in sync with the Podfile.lock. Run 'pod install' or update your CocoaPods installation.\nEOM\n    exit 1\nfi\n";
			showEnvVarsInLog = 0;
		};
/* End PBXShellScriptBuildPhase section */

/* Begin PBXSourcesBuildPhase section */
		35D68C491E318A5500BF3221 /* Sources */ = {
			isa = PBXSourcesBuildPhase;
			buildActionMask = 2147483647;
			files = (
				35AA0A061E3968A200E17113 /* RoundButton.swift in Sources */,
				35F3218C1E364BA900982EEA /* CustomView.swift in Sources */,
				35D68C531E318A5500BF3221 /* SignInVC.swift in Sources */,
				35DEF8A91E3A740B00120BBD /* DataService.swift in Sources */,
				35F321931E36522C00982EEA /* CustomButton.swift in Sources */,
				35AA0A081E39704100E17113 /* CircleImgView.swift in Sources */,
				35D68C511E318A5500BF3221 /* AppDelegate.swift in Sources */,
				35AA0A041E3944A600E17113 /* FeedVC.swift in Sources */,
				35F321911E3650F000982EEA /* CustomTextField.swift in Sources */,
				35AA0A0A1E39986800E17113 /* PostCell.swift in Sources */,
				35F321951E36533400982EEA /* Constants.swift in Sources */,
				35AA0A001E3838D600E17113 /* AlertExtension.swift in Sources */,
			);
			runOnlyForDeploymentPostprocessing = 0;
		};
/* End PBXSourcesBuildPhase section */

/* Begin PBXVariantGroup section */
		35D68C541E318A5500BF3221 /* Main.storyboard */ = {
			isa = PBXVariantGroup;
			children = (
				35D68C551E318A5500BF3221 /* Base */,
			);
			name = Main.storyboard;
			sourceTree = "<group>";
		};
		35D68C591E318A5500BF3221 /* LaunchScreen.storyboard */ = {
			isa = PBXVariantGroup;
			children = (
				35D68C5A1E318A5500BF3221 /* Base */,
			);
			name = LaunchScreen.storyboard;
			sourceTree = "<group>";
		};
/* End PBXVariantGroup section */

/* Begin XCBuildConfiguration section */
		35D68C5D1E318A5500BF3221 /* Debug */ = {
			isa = XCBuildConfiguration;
			buildSettings = {
				ALWAYS_SEARCH_USER_PATHS = NO;
				CLANG_ANALYZER_NONNULL = YES;
				CLANG_CXX_LANGUAGE_STANDARD = "gnu++0x";
				CLANG_CXX_LIBRARY = "libc++";
				CLANG_ENABLE_MODULES = YES;
				CLANG_ENABLE_OBJC_ARC = YES;
				CLANG_WARN_BOOL_CONVERSION = YES;
				CLANG_WARN_CONSTANT_CONVERSION = YES;
				CLANG_WARN_DIRECT_OBJC_ISA_USAGE = YES_ERROR;
				CLANG_WARN_DOCUMENTATION_COMMENTS = YES;
				CLANG_WARN_EMPTY_BODY = YES;
				CLANG_WARN_ENUM_CONVERSION = YES;
				CLANG_WARN_INFINITE_RECURSION = YES;
				CLANG_WARN_INT_CONVERSION = YES;
				CLANG_WARN_OBJC_ROOT_CLASS = YES_ERROR;
				CLANG_WARN_SUSPICIOUS_MOVE = YES;
				CLANG_WARN_SUSPICIOUS_MOVES = YES;
				CLANG_WARN_UNREACHABLE_CODE = YES;
				CLANG_WARN__DUPLICATE_METHOD_MATCH = YES;
				"CODE_SIGN_IDENTITY[sdk=iphoneos*]" = "iPhone Developer";
				COPY_PHASE_STRIP = NO;
				DEBUG_INFORMATION_FORMAT = dwarf;
				ENABLE_STRICT_OBJC_MSGSEND = YES;
				ENABLE_TESTABILITY = YES;
				GCC_C_LANGUAGE_STANDARD = gnu99;
				GCC_DYNAMIC_NO_PIC = NO;
				GCC_NO_COMMON_BLOCKS = YES;
				GCC_OPTIMIZATION_LEVEL = 0;
				GCC_PREPROCESSOR_DEFINITIONS = (
					"DEBUG=1",
					"$(inherited)",
				);
				GCC_WARN_64_TO_32_BIT_CONVERSION = YES;
				GCC_WARN_ABOUT_RETURN_TYPE = YES_ERROR;
				GCC_WARN_UNDECLARED_SELECTOR = YES;
				GCC_WARN_UNINITIALIZED_AUTOS = YES_AGGRESSIVE;
				GCC_WARN_UNUSED_FUNCTION = YES;
				GCC_WARN_UNUSED_VARIABLE = YES;
				IPHONEOS_DEPLOYMENT_TARGET = 10.0;
				MTL_ENABLE_DEBUG_INFO = YES;
				ONLY_ACTIVE_ARCH = YES;
				SDKROOT = iphoneos;
				SWIFT_ACTIVE_COMPILATION_CONDITIONS = DEBUG;
				SWIFT_OPTIMIZATION_LEVEL = "-Onone";
				TARGETED_DEVICE_FAMILY = "1,2";
			};
			name = Debug;
		};
		35D68C5E1E318A5500BF3221 /* Release */ = {
			isa = XCBuildConfiguration;
			buildSettings = {
				ALWAYS_SEARCH_USER_PATHS = NO;
				CLANG_ANALYZER_NONNULL = YES;
				CLANG_CXX_LANGUAGE_STANDARD = "gnu++0x";
				CLANG_CXX_LIBRARY = "libc++";
				CLANG_ENABLE_MODULES = YES;
				CLANG_ENABLE_OBJC_ARC = YES;
				CLANG_WARN_BOOL_CONVERSION = YES;
				CLANG_WARN_CONSTANT_CONVERSION = YES;
				CLANG_WARN_DIRECT_OBJC_ISA_USAGE = YES_ERROR;
				CLANG_WARN_DOCUMENTATION_COMMENTS = YES;
				CLANG_WARN_EMPTY_BODY = YES;
				CLANG_WARN_ENUM_CONVERSION = YES;
				CLANG_WARN_INFINITE_RECURSION = YES;
				CLANG_WARN_INT_CONVERSION = YES;
				CLANG_WARN_OBJC_ROOT_CLASS = YES_ERROR;
				CLANG_WARN_SUSPICIOUS_MOVE = YES;
				CLANG_WARN_SUSPICIOUS_MOVES = YES;
				CLANG_WARN_UNREACHABLE_CODE = YES;
				CLANG_WARN__DUPLICATE_METHOD_MATCH = YES;
				"CODE_SIGN_IDENTITY[sdk=iphoneos*]" = "iPhone Developer";
				COPY_PHASE_STRIP = NO;
				DEBUG_INFORMATION_FORMAT = "dwarf-with-dsym";
				ENABLE_NS_ASSERTIONS = NO;
				ENABLE_STRICT_OBJC_MSGSEND = YES;
				GCC_C_LANGUAGE_STANDARD = gnu99;
				GCC_NO_COMMON_BLOCKS = YES;
				GCC_WARN_64_TO_32_BIT_CONVERSION = YES;
				GCC_WARN_ABOUT_RETURN_TYPE = YES_ERROR;
				GCC_WARN_UNDECLARED_SELECTOR = YES;
				GCC_WARN_UNINITIALIZED_AUTOS = YES_AGGRESSIVE;
				GCC_WARN_UNUSED_FUNCTION = YES;
				GCC_WARN_UNUSED_VARIABLE = YES;
				IPHONEOS_DEPLOYMENT_TARGET = 10.0;
				MTL_ENABLE_DEBUG_INFO = NO;
				SDKROOT = iphoneos;
				SWIFT_OPTIMIZATION_LEVEL = "-Owholemodule";
				TARGETED_DEVICE_FAMILY = "1,2";
				VALIDATE_PRODUCT = YES;
			};
			name = Release;
		};
		35D68C601E318A5500BF3221 /* Debug */ = {
			isa = XCBuildConfiguration;
			baseConfigurationReference = B52F56FFE37035130F75C8C5 /* Pods-Devslopes-Social.debug.xcconfig */;
			buildSettings = {
				ALWAYS_EMBED_SWIFT_STANDARD_LIBRARIES = YES;
				ASSETCATALOG_COMPILER_APPICON_NAME = AppIcon;
				CODE_SIGN_ENTITLEMENTS = "Devslopes-Social/Devslopes-Social.entitlements";
				DEVELOPMENT_TEAM = QKASN59BPK;
				FRAMEWORK_SEARCH_PATHS = (
					"$(inherited)",
					"$(PROJECT_DIR)",
				);
				INFOPLIST_FILE = "Devslopes-Social/Info.plist";
				IPHONEOS_DEPLOYMENT_TARGET = 10.0;
				LD_RUNPATH_SEARCH_PATHS = "$(inherited) @executable_path/Frameworks";
				PRODUCT_BUNDLE_IDENTIFIER = "com.JonathanShitrit.Devslopes-Social";
				PRODUCT_NAME = "$(TARGET_NAME)";
				SWIFT_VERSION = 3.0;
			};
			name = Debug;
		};
		35D68C611E318A5500BF3221 /* Release */ = {
			isa = XCBuildConfiguration;
			baseConfigurationReference = 559E7CCA2B69BBAF9CD0303E /* Pods-Devslopes-Social.release.xcconfig */;
			buildSettings = {
				ALWAYS_EMBED_SWIFT_STANDARD_LIBRARIES = YES;
				ASSETCATALOG_COMPILER_APPICON_NAME = AppIcon;
				CODE_SIGN_ENTITLEMENTS = "Devslopes-Social/Devslopes-Social.entitlements";
				DEVELOPMENT_TEAM = QKASN59BPK;
				FRAMEWORK_SEARCH_PATHS = (
					"$(inherited)",
					"$(PROJECT_DIR)",
				);
				INFOPLIST_FILE = "Devslopes-Social/Info.plist";
				IPHONEOS_DEPLOYMENT_TARGET = 10.0;
				LD_RUNPATH_SEARCH_PATHS = "$(inherited) @executable_path/Frameworks";
				PRODUCT_BUNDLE_IDENTIFIER = "com.JonathanShitrit.Devslopes-Social";
				PRODUCT_NAME = "$(TARGET_NAME)";
				SWIFT_VERSION = 3.0;
			};
			name = Release;
		};
/* End XCBuildConfiguration section */

/* Begin XCConfigurationList section */
		35D68C481E318A5500BF3221 /* Build configuration list for PBXProject "Devslopes-Social" */ = {
			isa = XCConfigurationList;
			buildConfigurations = (
				35D68C5D1E318A5500BF3221 /* Debug */,
				35D68C5E1E318A5500BF3221 /* Release */,
			);
			defaultConfigurationIsVisible = 0;
			defaultConfigurationName = Release;
		};
		35D68C5F1E318A5500BF3221 /* Build configuration list for PBXNativeTarget "Devslopes-Social" */ = {
			isa = XCConfigurationList;
			buildConfigurations = (
				35D68C601E318A5500BF3221 /* Debug */,
				35D68C611E318A5500BF3221 /* Release */,
			);
			defaultConfigurationIsVisible = 0;
			defaultConfigurationName = Release;
		};
/* End XCConfigurationList section */
	};
	rootObject = 35D68C451E318A5500BF3221 /* Project object */;
}
